
Microsoft Visual Studio Solution File, Format Version 12.00
# Visual Studio 15
VisualStudioVersion = 15.0.28307.271
MinimumVisualStudioVersion = 10.0.40219.1
Project("{FAE04EC0-301F-11D3-BF4B-00C04F79EFBC}") = "APITest", "APITest\APITest.csproj", "{05A1883D-7ADE-4C28-A7A1-A41DF75C4675}"
EndProject
Project("{FAE04EC0-301F-11D3-BF4B-00C04F79EFBC}") = "APIFramework", "APIFramework\APIFramework.csproj", "{800F5F5B-3490-46B1-953F-DD4A6E4AEDB0}"
EndProject
Global
	GlobalSection(SolutionConfigurationPlatforms) = preSolution
		Debug|Any CPU = Debug|Any CPU
		Release|Any CPU = Release|Any CPU
	EndGlobalSection
	GlobalSection(ProjectConfigurationPlatforms) = postSolution
		{05A1883D-7ADE-4C28-A7A1-A41DF75C4675}.Debug|Any CPU.ActiveCfg = Debug|Any CPU
		{05A1883D-7ADE-4C28-A7A1-A41DF75C4675}.Debug|Any CPU.Build.0 = Debug|Any CPU
		{05A1883D-7ADE-4C28-A7A1-A41DF75C4675}.Release|Any CPU.ActiveCfg = Release|Any CPU
		{05A1883D-7ADE-4C28-A7A1-A41DF75C4675}.Release|Any CPU.Build.0 = Release|Any CPU
		{800F5F5B-3490-46B1-953F-DD4A6E4AEDB0}.Debug|Any CPU.ActiveCfg = Debug|Any CPU
		{800F5F5B-3490-46B1-953F-DD4A6E4AEDB0}.Debug|Any CPU.Build.0 = Debug|Any CPU
		{800F5F5B-3490-46B1-953F-DD4A6E4AEDB0}.Release|Any CPU.ActiveCfg = Release|Any CPU
		{800F5F5B-3490-46B1-953F-DD4A6E4AEDB0}.Release|Any CPU.Build.0 = Release|Any CPU
	EndGlobalSection
	GlobalSection(SolutionProperties) = preSolution
		HideSolutionNode = FALSE
	EndGlobalSection
	GlobalSection(ExtensibilityGlobals) = postSolution
		SolutionGuid = {14A83B6A-49D8-4BA2-AE56-CEF2BD341E84}
	EndGlobalSection
EndGlobal
